
Microsoft Visual Studio Solution File, Format Version 12.00
# Visual Studio Version 17
VisualStudioVersion = 17.7.34031.279
MinimumVisualStudioVersion = 10.0.40219.1
Project("{FAE04EC0-301F-11D3-BF4B-00C04F79EFBC}") = "PruebaLogan.API", "PruebaLogan.API\PruebaLogan.API.csproj", "{4AC83D0D-8119-4601-A251-B823076E57AC}"
EndProject
Project("{FAE04EC0-301F-11D3-BF4B-00C04F79EFBC}") = "PruebaLogan.CORE", "PruebaLogan.CORE\PruebaLogan.CORE.csproj", "{535A6E80-EFCF-4EF2-9272-C3D3C71770C9}"
EndProject
Project("{FAE04EC0-301F-11D3-BF4B-00C04F79EFBC}") = "PruebaLogan.MODEL", "PruebaLogan.MODEL\PruebaLogan.MODEL.csproj", "{C17672B6-16AA-4E98-97CB-232F14714A5F}"
EndProject
Project("{FAE04EC0-301F-11D3-BF4B-00C04F79EFBC}") = "PruebaLogan.IOC", "PruebaLogan.IOC\PruebaLogan.IOC.csproj", "{826FC8E1-A5B5-4701-AB94-48DC9F0D5870}"
EndProject
Project("{FAE04EC0-301F-11D3-BF4B-00C04F79EFBC}") = "PruebaLogan.CONTEXT", "PruebaLogan.CONTEXT\PruebaLogan.CONTEXT.csproj", "{471BE867-82F9-495A-A770-8F586C6622E9}"
EndProject
Global
	GlobalSection(SolutionConfigurationPlatforms) = preSolution
		Debug|Any CPU = Debug|Any CPU
		Release|Any CPU = Release|Any CPU
	EndGlobalSection
	GlobalSection(ProjectConfigurationPlatforms) = postSolution
		{4AC83D0D-8119-4601-A251-B823076E57AC}.Debug|Any CPU.ActiveCfg = Debug|Any CPU
		{4AC83D0D-8119-4601-A251-B823076E57AC}.Debug|Any CPU.Build.0 = Debug|Any CPU
		{4AC83D0D-8119-4601-A251-B823076E57AC}.Release|Any CPU.ActiveCfg = Release|Any CPU
		{4AC83D0D-8119-4601-A251-B823076E57AC}.Release|Any CPU.Build.0 = Release|Any CPU
		{535A6E80-EFCF-4EF2-9272-C3D3C71770C9}.Debug|Any CPU.ActiveCfg = Debug|Any CPU
		{535A6E80-EFCF-4EF2-9272-C3D3C71770C9}.Debug|Any CPU.Build.0 = Debug|Any CPU
		{535A6E80-EFCF-4EF2-9272-C3D3C71770C9}.Release|Any CPU.ActiveCfg = Release|Any CPU
		{535A6E80-EFCF-4EF2-9272-C3D3C71770C9}.Release|Any CPU.Build.0 = Release|Any CPU
		{C17672B6-16AA-4E98-97CB-232F14714A5F}.Debug|Any CPU.ActiveCfg = Debug|Any CPU
		{C17672B6-16AA-4E98-97CB-232F14714A5F}.Debug|Any CPU.Build.0 = Debug|Any CPU
		{C17672B6-16AA-4E98-97CB-232F14714A5F}.Release|Any CPU.ActiveCfg = Release|Any CPU
		{C17672B6-16AA-4E98-97CB-232F14714A5F}.Release|Any CPU.Build.0 = Release|Any CPU
		{826FC8E1-A5B5-4701-AB94-48DC9F0D5870}.Debug|Any CPU.ActiveCfg = Debug|Any CPU
		{826FC8E1-A5B5-4701-AB94-48DC9F0D5870}.Debug|Any CPU.Build.0 = Debug|Any CPU
		{826FC8E1-A5B5-4701-AB94-48DC9F0D5870}.Release|Any CPU.ActiveCfg = Release|Any CPU
		{826FC8E1-A5B5-4701-AB94-48DC9F0D5870}.Release|Any CPU.Build.0 = Release|Any CPU
		{471BE867-82F9-495A-A770-8F586C6622E9}.Debug|Any CPU.ActiveCfg = Debug|Any CPU
		{471BE867-82F9-495A-A770-8F586C6622E9}.Debug|Any CPU.Build.0 = Debug|Any CPU
		{471BE867-82F9-495A-A770-8F586C6622E9}.Release|Any CPU.ActiveCfg = Release|Any CPU
		{471BE867-82F9-495A-A770-8F586C6622E9}.Release|Any CPU.Build.0 = Release|Any CPU
	EndGlobalSection
	GlobalSection(SolutionProperties) = preSolution
		HideSolutionNode = FALSE
	EndGlobalSection
	GlobalSection(ExtensibilityGlobals) = postSolution
		SolutionGuid = {B021EF91-902B-4084-AFAF-C250BD55F9E3}
	EndGlobalSection
EndGlobal
